
Microsoft Visual Studio Solution File, Format Version 12.00
# Visual Studio 15
VisualStudioVersion = 15.0.28307.329
MinimumVisualStudioVersion = 10.0.40219.1
Project("{FAE04EC0-301F-11D3-BF4B-00C04F79EFBC}") = "BananaBot", "BananaBot\BananaBot.csproj", "{DF1A872C-16DA-43F6-80E0-66F01A617743}"
EndProject
Global
	GlobalSection(SolutionConfigurationPlatforms) = preSolution
		Debug|Any CPU = Debug|Any CPU
		Release|Any CPU = Release|Any CPU
	EndGlobalSection
	GlobalSection(ProjectConfigurationPlatforms) = postSolution
		{DF1A872C-16DA-43F6-80E0-66F01A617743}.Debug|Any CPU.ActiveCfg = Debug|Any CPU
		{DF1A872C-16DA-43F6-80E0-66F01A617743}.Debug|Any CPU.Build.0 = Debug|Any CPU
		{DF1A872C-16DA-43F6-80E0-66F01A617743}.Release|Any CPU.ActiveCfg = Release|Any CPU
		{DF1A872C-16DA-43F6-80E0-66F01A617743}.Release|Any CPU.Build.0 = Release|Any CPU
	EndGlobalSection
	GlobalSection(SolutionProperties) = preSolution
		HideSolutionNode = FALSE
	EndGlobalSection
	GlobalSection(ExtensibilityGlobals) = postSolution
		SolutionGuid = {71A0B69B-A1C4-4163-968B-925D1F369A25}
	EndGlobalSection
EndGlobal
